
Microsoft Visual Studio Solution File, Format Version 12.00
# Visual Studio Version 17
VisualStudioVersion = 17.8.34511.84
MinimumVisualStudioVersion = 10.0.40219.1
Project("{9A19103F-16F7-4668-BE54-9A1E7A4F7556}") = "OddFrom1To99", "HomeWork-4\OddFrom1To99.csproj", "{A80397A0-C882-4731-B59D-EA4F7B6662B3}"
EndProject
Project("{9A19103F-16F7-4668-BE54-9A1E7A4F7556}") = "From_5_To_1_Increment", "From_5_To_1_Increment\From_5_To_1_Increment.csproj", "{CF0976BF-8DEC-4677-8532-0CD31E9B3153}"
EndProject
Project("{9A19103F-16F7-4668-BE54-9A1E7A4F7556}") = "UserInputInsertInt", "UserInputInsertInt\UserInputInsertInt.csproj", "{24AC79AB-CCD8-4805-923D-6D525B60EF77}"
EndProject
Project("{9A19103F-16F7-4668-BE54-9A1E7A4F7556}") = "While + 7", "While + 7\While + 7.csproj", "{CF34945A-A045-41CF-9EB4-A403D87A86D8}"
EndProject
Project("{9A19103F-16F7-4668-BE54-9A1E7A4F7556}") = "TwoArray", "TwoArray\TwoArray.csproj", "{6A088819-750A-4041-8263-E8DC1C4CC01C}"
EndProject
Project("{FAE04EC0-301F-11D3-BF4B-00C04F79EFBC}") = "HardTask", "HardTask\HardTask.csproj", "{AFB880F6-E9FB-4030-B958-63BA538CE406}"
EndProject
Global
	GlobalSection(SolutionConfigurationPlatforms) = preSolution
		Debug|Any CPU = Debug|Any CPU
		Release|Any CPU = Release|Any CPU
	EndGlobalSection
	GlobalSection(ProjectConfigurationPlatforms) = postSolution
		{A80397A0-C882-4731-B59D-EA4F7B6662B3}.Debug|Any CPU.ActiveCfg = Debug|Any CPU
		{A80397A0-C882-4731-B59D-EA4F7B6662B3}.Debug|Any CPU.Build.0 = Debug|Any CPU
		{A80397A0-C882-4731-B59D-EA4F7B6662B3}.Release|Any CPU.ActiveCfg = Release|Any CPU
		{A80397A0-C882-4731-B59D-EA4F7B6662B3}.Release|Any CPU.Build.0 = Release|Any CPU
		{CF0976BF-8DEC-4677-8532-0CD31E9B3153}.Debug|Any CPU.ActiveCfg = Debug|Any CPU
		{CF0976BF-8DEC-4677-8532-0CD31E9B3153}.Debug|Any CPU.Build.0 = Debug|Any CPU
		{CF0976BF-8DEC-4677-8532-0CD31E9B3153}.Release|Any CPU.ActiveCfg = Release|Any CPU
		{CF0976BF-8DEC-4677-8532-0CD31E9B3153}.Release|Any CPU.Build.0 = Release|Any CPU
		{24AC79AB-CCD8-4805-923D-6D525B60EF77}.Debug|Any CPU.ActiveCfg = Debug|Any CPU
		{24AC79AB-CCD8-4805-923D-6D525B60EF77}.Debug|Any CPU.Build.0 = Debug|Any CPU
		{24AC79AB-CCD8-4805-923D-6D525B60EF77}.Release|Any CPU.ActiveCfg = Release|Any CPU
		{24AC79AB-CCD8-4805-923D-6D525B60EF77}.Release|Any CPU.Build.0 = Release|Any CPU
		{CF34945A-A045-41CF-9EB4-A403D87A86D8}.Debug|Any CPU.ActiveCfg = Debug|Any CPU
		{CF34945A-A045-41CF-9EB4-A403D87A86D8}.Debug|Any CPU.Build.0 = Debug|Any CPU
		{CF34945A-A045-41CF-9EB4-A403D87A86D8}.Release|Any CPU.ActiveCfg = Release|Any CPU
		{CF34945A-A045-41CF-9EB4-A403D87A86D8}.Release|Any CPU.Build.0 = Release|Any CPU
		{6A088819-750A-4041-8263-E8DC1C4CC01C}.Debug|Any CPU.ActiveCfg = Debug|Any CPU
		{6A088819-750A-4041-8263-E8DC1C4CC01C}.Debug|Any CPU.Build.0 = Debug|Any CPU
		{6A088819-750A-4041-8263-E8DC1C4CC01C}.Release|Any CPU.ActiveCfg = Release|Any CPU
		{6A088819-750A-4041-8263-E8DC1C4CC01C}.Release|Any CPU.Build.0 = Release|Any CPU
		{AFB880F6-E9FB-4030-B958-63BA538CE406}.Debug|Any CPU.ActiveCfg = Debug|Any CPU
		{AFB880F6-E9FB-4030-B958-63BA538CE406}.Debug|Any CPU.Build.0 = Debug|Any CPU
		{AFB880F6-E9FB-4030-B958-63BA538CE406}.Release|Any CPU.ActiveCfg = Release|Any CPU
		{AFB880F6-E9FB-4030-B958-63BA538CE406}.Release|Any CPU.Build.0 = Release|Any CPU
	EndGlobalSection
	GlobalSection(SolutionProperties) = preSolution
		HideSolutionNode = FALSE
	EndGlobalSection
	GlobalSection(ExtensibilityGlobals) = postSolution
		SolutionGuid = {06ECD15F-C223-4E78-A4F8-38CE398C1F1B}
	EndGlobalSection
EndGlobal
